
Microsoft Visual Studio Solution File, Format Version 12.00
# Visual Studio Version 17
VisualStudioVersion = 17.14.36301.6 d17.14
MinimumVisualStudioVersion = 10.0.40219.1
Project("{FAE04EC0-301F-11D3-BF4B-00C04F79EFBC}") = "TicTacToe", "TicTacToe\TicTacToe.csproj", "{FE410DC4-A745-47A6-9ABF-C71C0517DD7B}"
EndProject
Global
	GlobalSection(SolutionConfigurationPlatforms) = preSolution
		Debug|Any CPU = Debug|Any CPU
		Release|Any CPU = Release|Any CPU
	EndGlobalSection
	GlobalSection(ProjectConfigurationPlatforms) = postSolution
		{FE410DC4-A745-47A6-9ABF-C71C0517DD7B}.Debug|Any CPU.ActiveCfg = Debug|Any CPU
		{FE410DC4-A745-47A6-9ABF-C71C0517DD7B}.Debug|Any CPU.Build.0 = Debug|Any CPU
		{FE410DC4-A745-47A6-9ABF-C71C0517DD7B}.Release|Any CPU.ActiveCfg = Release|Any CPU
		{FE410DC4-A745-47A6-9ABF-C71C0517DD7B}.Release|Any CPU.Build.0 = Release|Any CPU
	EndGlobalSection
	GlobalSection(SolutionProperties) = preSolution
		HideSolutionNode = FALSE
	EndGlobalSection
	GlobalSection(ExtensibilityGlobals) = postSolution
		SolutionGuid = {6AB9C700-D40D-40C4-9429-6A7FEEFAE662}
	EndGlobalSection
EndGlobal
